{
  "originHash" : "157acbc02a960357965e604c6bdd0e8168b39e60b538e27a8bf47844c5dd47e2",
  "pins" : [
    {
      "identity" : "javapi4swift",
      "kind" : "remoteSourceControl",
      "location" : "https://github.com/bastie/JavApi4Swift.git",
      "state" : {
        "revision" : "76cdc4a99adc98a61bc38e8aec4a6b17b1cb2c4c",
        "version" : "0.30.0"
      }
    }
  ],
  "version" : 3
}
